// !$*UTF8*$!
{
	archiveVersion = 1;
	classes = {
	};
	objectVersion = 51;
	objects = {

/* Begin PBXBuildFile section */
		4273C792145F2AAE25841F8F /* Pods_Chatbox.framework in Frameworks */ = {isa = PBXBuildFile; fileRef = BF5BC75F22D16EAFB8A842E7 /* Pods_Chatbox.framework */; };
		9078213D24AA858C008CE17D /* GoogleService-Info.plist in Resources */ = {isa = PBXBuildFile; fileRef = 9078213C24AA858C008CE17D /* GoogleService-Info.plist */; };
		9078213F24AA8A5D008CE17D /* DatabaseManager.swift in Sources */ = {isa = PBXBuildFile; fileRef = 9078213E24AA8A5D008CE17D /* DatabaseManager.swift */; };
		908A490024A9B41A000D171C /* AppDelegate.swift in Sources */ = {isa = PBXBuildFile; fileRef = 908A48FF24A9B41A000D171C /* AppDelegate.swift */; };
		908A490224A9B41A000D171C /* SceneDelegate.swift in Sources */ = {isa = PBXBuildFile; fileRef = 908A490124A9B41A000D171C /* SceneDelegate.swift */; };
		908A490424A9B41A000D171C /* ConversationsViewController.swift in Sources */ = {isa = PBXBuildFile; fileRef = 908A490324A9B41A000D171C /* ConversationsViewController.swift */; };
		908A490724A9B41A000D171C /* Main.storyboard in Resources */ = {isa = PBXBuildFile; fileRef = 908A490524A9B41A000D171C /* Main.storyboard */; };
		908A490924A9B41A000D171C /* Assets.xcassets in Resources */ = {isa = PBXBuildFile; fileRef = 908A490824A9B41A000D171C /* Assets.xcassets */; };
		908A490C24A9B41A000D171C /* LaunchScreen.storyboard in Resources */ = {isa = PBXBuildFile; fileRef = 908A490A24A9B41A000D171C /* LaunchScreen.storyboard */; };
		908A491A24A9B62A000D171C /* LoginViewController.swift in Sources */ = {isa = PBXBuildFile; fileRef = 908A491924A9B62A000D171C /* LoginViewController.swift */; };
		908A491C24A9B639000D171C /* RegisterViewController.swift in Sources */ = {isa = PBXBuildFile; fileRef = 908A491B24A9B639000D171C /* RegisterViewController.swift */; };
		908A491E24A9B653000D171C /* PhotoViewerViewController.swift in Sources */ = {isa = PBXBuildFile; fileRef = 908A491D24A9B653000D171C /* PhotoViewerViewController.swift */; };
		908A492024A9B662000D171C /* VideoPlayerViewController.swift in Sources */ = {isa = PBXBuildFile; fileRef = 908A491F24A9B662000D171C /* VideoPlayerViewController.swift */; };
		908A492224A9B682000D171C /* NewConversationViewController.swift in Sources */ = {isa = PBXBuildFile; fileRef = 908A492124A9B682000D171C /* NewConversationViewController.swift */; };
		908A492424A9B697000D171C /* ProfileViewController.swift in Sources */ = {isa = PBXBuildFile; fileRef = 908A492324A9B697000D171C /* ProfileViewController.swift */; };
		908A492724A9C55B000D171C /* Extensions.swift in Sources */ = {isa = PBXBuildFile; fileRef = 908A492624A9C55B000D171C /* Extensions.swift */; };
/* End PBXBuildFile section */

/* Begin PBXFileReference section */
		12C12DBC0C5EF6AC0CCE34AF /* Pods-Chatbox.release.xcconfig */ = {isa = PBXFileReference; includeInIndex = 1; lastKnownFileType = text.xcconfig; name = "Pods-Chatbox.release.xcconfig"; path = "Target Support Files/Pods-Chatbox/Pods-Chatbox.release.xcconfig"; sourceTree = "<group>"; };
		3D97F2418BD4222917C07CA3 /* Pods-Chatbox.debug.xcconfig */ = {isa = PBXFileReference; includeInIndex = 1; lastKnownFileType = text.xcconfig; name = "Pods-Chatbox.debug.xcconfig"; path = "Target Support Files/Pods-Chatbox/Pods-Chatbox.debug.xcconfig"; sourceTree = "<group>"; };
		9078213C24AA858C008CE17D /* GoogleService-Info.plist */ = {isa = PBXFileReference; fileEncoding = 4; lastKnownFileType = text.plist.xml; path = "GoogleService-Info.plist"; sourceTree = "<group>"; };
		9078213E24AA8A5D008CE17D /* DatabaseManager.swift */ = {isa = PBXFileReference; lastKnownFileType = sourcecode.swift; path = DatabaseManager.swift; sourceTree = "<group>"; };
		908A48FC24A9B41A000D171C /* Chatbox.app */ = {isa = PBXFileReference; explicitFileType = wrapper.application; includeInIndex = 0; path = Chatbox.app; sourceTree = BUILT_PRODUCTS_DIR; };
		908A48FF24A9B41A000D171C /* AppDelegate.swift */ = {isa = PBXFileReference; lastKnownFileType = sourcecode.swift; path = AppDelegate.swift; sourceTree = "<group>"; };
		908A490124A9B41A000D171C /* SceneDelegate.swift */ = {isa = PBXFileReference; lastKnownFileType = sourcecode.swift; path = SceneDelegate.swift; sourceTree = "<group>"; };
		908A490324A9B41A000D171C /* ConversationsViewController.swift */ = {isa = PBXFileReference; lastKnownFileType = sourcecode.swift; path = ConversationsViewController.swift; sourceTree = "<group>"; };
		908A490624A9B41A000D171C /* Base */ = {isa = PBXFileReference; lastKnownFileType = file.storyboard; name = Base; path = Base.lproj/Main.storyboard; sourceTree = "<group>"; };
		908A490824A9B41A000D171C /* Assets.xcassets */ = {isa = PBXFileReference; lastKnownFileType = folder.assetcatalog; path = Assets.xcassets; sourceTree = "<group>"; };
		908A490B24A9B41A000D171C /* Base */ = {isa = PBXFileReference; lastKnownFileType = file.storyboard; name = Base; path = Base.lproj/LaunchScreen.storyboard; sourceTree = "<group>"; };
		908A490D24A9B41A000D171C /* Info.plist */ = {isa = PBXFileReference; lastKnownFileType = text.plist.xml; path = Info.plist; sourceTree = "<group>"; };
		908A491924A9B62A000D171C /* LoginViewController.swift */ = {isa = PBXFileReference; lastKnownFileType = sourcecode.swift; path = LoginViewController.swift; sourceTree = "<group>"; };
		908A491B24A9B639000D171C /* RegisterViewController.swift */ = {isa = PBXFileReference; lastKnownFileType = sourcecode.swift; path = RegisterViewController.swift; sourceTree = "<group>"; };
		908A491D24A9B653000D171C /* PhotoViewerViewController.swift */ = {isa = PBXFileReference; lastKnownFileType = sourcecode.swift; path = PhotoViewerViewController.swift; sourceTree = "<group>"; };
		908A491F24A9B662000D171C /* VideoPlayerViewController.swift */ = {isa = PBXFileReference; lastKnownFileType = sourcecode.swift; path = VideoPlayerViewController.swift; sourceTree = "<group>"; };
		908A492124A9B682000D171C /* NewConversationViewController.swift */ = {isa = PBXFileReference; lastKnownFileType = sourcecode.swift; path = NewConversationViewController.swift; sourceTree = "<group>"; };
		908A492324A9B697000D171C /* ProfileViewController.swift */ = {isa = PBXFileReference; lastKnownFileType = sourcecode.swift; path = ProfileViewController.swift; sourceTree = "<group>"; };
		908A492624A9C55B000D171C /* Extensions.swift */ = {isa = PBXFileReference; lastKnownFileType = sourcecode.swift; path = Extensions.swift; sourceTree = "<group>"; };
		BF5BC75F22D16EAFB8A842E7 /* Pods_Chatbox.framework */ = {isa = PBXFileReference; explicitFileType = wrapper.framework; includeInIndex = 0; path = Pods_Chatbox.framework; sourceTree = BUILT_PRODUCTS_DIR; };
/* End PBXFileReference section */

/* Begin PBXFrameworksBuildPhase section */
		908A48F924A9B41A000D171C /* Frameworks */ = {
			isa = PBXFrameworksBuildPhase;
			buildActionMask = 2147483647;
			files = (
				4273C792145F2AAE25841F8F /* Pods_Chatbox.framework in Frameworks */,
			);
			runOnlyForDeploymentPostprocessing = 0;
		};
/* End PBXFrameworksBuildPhase section */

/* Begin PBXGroup section */
		908A48F324A9B41A000D171C = {
			isa = PBXGroup;
			children = (
				908A48FE24A9B41A000D171C /* Chatbox */,
				908A48FD24A9B41A000D171C /* Products */,
				A57FFA257BE2944295E27973 /* Pods */,
				F9E45253F094B2D9A3B113FC /* Frameworks */,
			);
			sourceTree = "<group>";
		};
		908A48FD24A9B41A000D171C /* Products */ = {
			isa = PBXGroup;
			children = (
				908A48FC24A9B41A000D171C /* Chatbox.app */,
			);
			name = Products;
			sourceTree = "<group>";
		};
		908A48FE24A9B41A000D171C /* Chatbox */ = {
			isa = PBXGroup;
			children = (
				9078213C24AA858C008CE17D /* GoogleService-Info.plist */,
				908A491724A9B4B0000D171C /* Resources */,
				908A491624A9B4A5000D171C /* ViewModels */,
				908A491524A9B49F000D171C /* Models */,
				908A491424A9B496000D171C /* Views */,
				908A491324A9B48D000D171C /* Controllers */,
				908A490D24A9B41A000D171C /* Info.plist */,
			);
			path = Chatbox;
			sourceTree = "<group>";
		};
		908A491324A9B48D000D171C /* Controllers */ = {
			isa = PBXGroup;
			children = (
				908A490324A9B41A000D171C /* ConversationsViewController.swift */,
				908A492524A9B836000D171C /* Login */,
				908A491D24A9B653000D171C /* PhotoViewerViewController.swift */,
				908A491F24A9B662000D171C /* VideoPlayerViewController.swift */,
				908A492124A9B682000D171C /* NewConversationViewController.swift */,
				908A492324A9B697000D171C /* ProfileViewController.swift */,
			);
			path = Controllers;
			sourceTree = "<group>";
		};
		908A491424A9B496000D171C /* Views */ = {
			isa = PBXGroup;
			children = (
				908A491824A9B4EC000D171C /* Storyboards */,
				908A490824A9B41A000D171C /* Assets.xcassets */,
			);
			path = Views;
			sourceTree = "<group>";
		};
		908A491524A9B49F000D171C /* Models */ = {
			isa = PBXGroup;
			children = (
			);
			path = Models;
			sourceTree = "<group>";
		};
		908A491624A9B4A5000D171C /* ViewModels */ = {
			isa = PBXGroup;
			children = (
			);
			path = ViewModels;
			sourceTree = "<group>";
		};
		908A491724A9B4B0000D171C /* Resources */ = {
			isa = PBXGroup;
			children = (
				908A48FF24A9B41A000D171C /* AppDelegate.swift */,
				908A490124A9B41A000D171C /* SceneDelegate.swift */,
				908A492624A9C55B000D171C /* Extensions.swift */,
				9078213E24AA8A5D008CE17D /* DatabaseManager.swift */,
			);
			path = Resources;
			sourceTree = "<group>";
		};
		908A491824A9B4EC000D171C /* Storyboards */ = {
			isa = PBXGroup;
			children = (
				908A490524A9B41A000D171C /* Main.storyboard */,
				908A490A24A9B41A000D171C /* LaunchScreen.storyboard */,
			);
			path = Storyboards;
			sourceTree = "<group>";
		};
		908A492524A9B836000D171C /* Login */ = {
			isa = PBXGroup;
			children = (
				908A491924A9B62A000D171C /* LoginViewController.swift */,
				908A491B24A9B639000D171C /* RegisterViewController.swift */,
			);
			path = Login;
			sourceTree = "<group>";
		};
		A57FFA257BE2944295E27973 /* Pods */ = {
			isa = PBXGroup;
			children = (
				3D97F2418BD4222917C07CA3 /* Pods-Chatbox.debug.xcconfig */,
				12C12DBC0C5EF6AC0CCE34AF /* Pods-Chatbox.release.xcconfig */,
			);
			path = Pods;
			sourceTree = "<group>";
		};
		F9E45253F094B2D9A3B113FC /* Frameworks */ = {
			isa = PBXGroup;
			children = (
				BF5BC75F22D16EAFB8A842E7 /* Pods_Chatbox.framework */,
			);
			name = Frameworks;
			sourceTree = "<group>";
		};
/* End PBXGroup section */

/* Begin PBXNativeTarget section */
		908A48FB24A9B41A000D171C /* Chatbox */ = {
			isa = PBXNativeTarget;
			buildConfigurationList = 908A491024A9B41A000D171C /* Build configuration list for PBXNativeTarget "Chatbox" */;
			buildPhases = (
				1D743F4BBDA5444E8D1CFC09 /* [CP] Check Pods Manifest.lock */,
				908A48F824A9B41A000D171C /* Sources */,
				908A48F924A9B41A000D171C /* Frameworks */,
				908A48FA24A9B41A000D171C /* Resources */,
				81ECED48AFF3C1FACDD0015E /* [CP] Embed Pods Frameworks */,
			);
			buildRules = (
			);
			dependencies = (
			);
			name = Chatbox;
			productName = Chatbox;
			productReference = 908A48FC24A9B41A000D171C /* Chatbox.app */;
			productType = "com.apple.product-type.application";
		};
/* End PBXNativeTarget section */

/* Begin PBXProject section */
		908A48F424A9B41A000D171C /* Project object */ = {
			isa = PBXProject;
			attributes = {
				LastSwiftUpdateCheck = 1150;
				LastUpgradeCheck = 1150;
				ORGANIZATIONNAME = "William Robersone";
				TargetAttributes = {
					908A48FB24A9B41A000D171C = {
						CreatedOnToolsVersion = 11.5;
					};
				};
			};
			buildConfigurationList = 908A48F724A9B41A000D171C /* Build configuration list for PBXProject "Chatbox" */;
			compatibilityVersion = "Xcode 9.3";
			developmentRegion = en;
			hasScannedForEncodings = 0;
			knownRegions = (
				en,
				Base,
			);
			mainGroup = 908A48F324A9B41A000D171C;
			productRefGroup = 908A48FD24A9B41A000D171C /* Products */;
			projectDirPath = "";
			projectRoot = "";
			targets = (
				908A48FB24A9B41A000D171C /* Chatbox */,
			);
		};
/* End PBXProject section */

/* Begin PBXResourcesBuildPhase section */
		908A48FA24A9B41A000D171C /* Resources */ = {
			isa = PBXResourcesBuildPhase;
			buildActionMask = 2147483647;
			files = (
				908A490C24A9B41A000D171C /* LaunchScreen.storyboard in Resources */,
				9078213D24AA858C008CE17D /* GoogleService-Info.plist in Resources */,
				908A490924A9B41A000D171C /* Assets.xcassets in Resources */,
				908A490724A9B41A000D171C /* Main.storyboard in Resources */,
			);
			runOnlyForDeploymentPostprocessing = 0;
		};
/* End PBXResourcesBuildPhase section */

/* Begin PBXShellScriptBuildPhase section */
		1D743F4BBDA5444E8D1CFC09 /* [CP] Check Pods Manifest.lock */ = {
			isa = PBXShellScriptBuildPhase;
			buildActionMask = 2147483647;
			files = (
			);
			inputFileListPaths = (
			);
			inputPaths = (
				"${PODS_PODFILE_DIR_PATH}/Podfile.lock",
				"${PODS_ROOT}/Manifest.lock",
			);
			name = "[CP] Check Pods Manifest.lock";
			outputFileListPaths = (
			);
			outputPaths = (
				"$(DERIVED_FILE_DIR)/Pods-Chatbox-checkManifestLockResult.txt",
			);
			runOnlyForDeploymentPostprocessing = 0;
			shellPath = /bin/sh;
			shellScript = "diff \"${PODS_PODFILE_DIR_PATH}/Podfile.lock\" \"${PODS_ROOT}/Manifest.lock\" > /dev/null\nif [ $? != 0 ] ; then\n    # print error to STDERR\n    echo \"error: The sandbox is not in sync with the Podfile.lock. Run 'pod install' or update your CocoaPods installation.\" >&2\n    exit 1\nfi\n# This output is used by Xcode 'outputs' to avoid re-running this script phase.\necho \"SUCCESS\" > \"${SCRIPT_OUTPUT_FILE_0}\"\n";
			showEnvVarsInLog = 0;
		};
		81ECED48AFF3C1FACDD0015E /* [CP] Embed Pods Frameworks */ = {
			isa = PBXShellScriptBuildPhase;
			buildActionMask = 2147483647;
			files = (
			);
			inputFileListPaths = (
				"${PODS_ROOT}/Target Support Files/Pods-Chatbox/Pods-Chatbox-frameworks-${CONFIGURATION}-input-files.xcfilelist",
			);
			name = "[CP] Embed Pods Frameworks";
			outputFileListPaths = (
				"${PODS_ROOT}/Target Support Files/Pods-Chatbox/Pods-Chatbox-frameworks-${CONFIGURATION}-output-files.xcfilelist",
			);
			runOnlyForDeploymentPostprocessing = 0;
			shellPath = /bin/sh;
			shellScript = "\"${PODS_ROOT}/Target Support Files/Pods-Chatbox/Pods-Chatbox-frameworks.sh\"\n";
			showEnvVarsInLog = 0;
		};
/* End PBXShellScriptBuildPhase section */

/* Begin PBXSourcesBuildPhase section */
		908A48F824A9B41A000D171C /* Sources */ = {
			isa = PBXSourcesBuildPhase;
			buildActionMask = 2147483647;
			files = (
				908A491A24A9B62A000D171C /* LoginViewController.swift in Sources */,
				9078213F24AA8A5D008CE17D /* DatabaseManager.swift in Sources */,
				908A491C24A9B639000D171C /* RegisterViewController.swift in Sources */,
				908A492224A9B682000D171C /* NewConversationViewController.swift in Sources */,
				908A490424A9B41A000D171C /* ConversationsViewController.swift in Sources */,
				908A492024A9B662000D171C /* VideoPlayerViewController.swift in Sources */,
				908A492724A9C55B000D171C /* Extensions.swift in Sources */,
				908A490024A9B41A000D171C /* AppDelegate.swift in Sources */,
				908A492424A9B697000D171C /* ProfileViewController.swift in Sources */,
				908A490224A9B41A000D171C /* SceneDelegate.swift in Sources */,
				908A491E24A9B653000D171C /* PhotoViewerViewController.swift in Sources */,
			);
			runOnlyForDeploymentPostprocessing = 0;
		};
/* End PBXSourcesBuildPhase section */

/* Begin PBXVariantGroup section */
		908A490524A9B41A000D171C /* Main.storyboard */ = {
			isa = PBXVariantGroup;
			children = (
				908A490624A9B41A000D171C /* Base */,
			);
			name = Main.storyboard;
			sourceTree = "<group>";
		};
		908A490A24A9B41A000D171C /* LaunchScreen.storyboard */ = {
			isa = PBXVariantGroup;
			children = (
				908A490B24A9B41A000D171C /* Base */,
			);
			name = LaunchScreen.storyboard;
			sourceTree = "<group>";
		};
/* End PBXVariantGroup section */

/* Begin XCBuildConfiguration section */
		908A490E24A9B41A000D171C /* Debug */ = {
			isa = XCBuildConfiguration;
			buildSettings = {
				ALWAYS_SEARCH_USER_PATHS = NO;
				CLANG_ANALYZER_NONNULL = YES;
				CLANG_ANALYZER_NUMBER_OBJECT_CONVERSION = YES_AGGRESSIVE;
				CLANG_CXX_LANGUAGE_STANDARD = "gnu++14";
				CLANG_CXX_LIBRARY = "libc++";
				CLANG_ENABLE_MODULES = YES;
				CLANG_ENABLE_OBJC_ARC = YES;
				CLANG_ENABLE_OBJC_WEAK = YES;
				CLANG_WARN_BLOCK_CAPTURE_AUTORELEASING = YES;
				CLANG_WARN_BOOL_CONVERSION = YES;
				CLANG_WARN_COMMA = YES;
				CLANG_WARN_CONSTANT_CONVERSION = YES;
				CLANG_WARN_DEPRECATED_OBJC_IMPLEMENTATIONS = YES;
				CLANG_WARN_DIRECT_OBJC_ISA_USAGE = YES_ERROR;
				CLANG_WARN_DOCUMENTATION_COMMENTS = YES;
				CLANG_WARN_EMPTY_BODY = YES;
				CLANG_WARN_ENUM_CONVERSION = YES;
				CLANG_WARN_INFINITE_RECURSION = YES;
				CLANG_WARN_INT_CONVERSION = YES;
				CLANG_WARN_NON_LITERAL_NULL_CONVERSION = YES;
				CLANG_WARN_OBJC_IMPLICIT_RETAIN_SELF = YES;
				CLANG_WARN_OBJC_LITERAL_CONVERSION = YES;
				CLANG_WARN_OBJC_ROOT_CLASS = YES_ERROR;
				CLANG_WARN_RANGE_LOOP_ANALYSIS = YES;
				CLANG_WARN_STRICT_PROTOTYPES = YES;
				CLANG_WARN_SUSPICIOUS_MOVE = YES;
				CLANG_WARN_UNGUARDED_AVAILABILITY = YES_AGGRESSIVE;
				CLANG_WARN_UNREACHABLE_CODE = YES;
				CLANG_WARN__DUPLICATE_METHOD_MATCH = YES;
				COPY_PHASE_STRIP = NO;
				DEBUG_INFORMATION_FORMAT = dwarf;
				ENABLE_STRICT_OBJC_MSGSEND = YES;
				ENABLE_TESTABILITY = YES;
				GCC_C_LANGUAGE_STANDARD = gnu11;
				GCC_DYNAMIC_NO_PIC = NO;
				GCC_NO_COMMON_BLOCKS = YES;
				GCC_OPTIMIZATION_LEVEL = 0;
				GCC_PREPROCESSOR_DEFINITIONS = (
					"DEBUG=1",
					"$(inherited)",
				);
				GCC_WARN_64_TO_32_BIT_CONVERSION = YES;
				GCC_WARN_ABOUT_RETURN_TYPE = YES_ERROR;
				GCC_WARN_UNDECLARED_SELECTOR = YES;
				GCC_WARN_UNINITIALIZED_AUTOS = YES_AGGRESSIVE;
				GCC_WARN_UNUSED_FUNCTION = YES;
				GCC_WARN_UNUSED_VARIABLE = YES;
				IPHONEOS_DEPLOYMENT_TARGET = 13.5;
				MTL_ENABLE_DEBUG_INFO = INCLUDE_SOURCE;
				MTL_FAST_MATH = YES;
				ONLY_ACTIVE_ARCH = YES;
				SDKROOT = iphoneos;
				SWIFT_ACTIVE_COMPILATION_CONDITIONS = DEBUG;
				SWIFT_OPTIMIZATION_LEVEL = "-Onone";
			};
			name = Debug;
		};
		908A490F24A9B41A000D171C /* Release */ = {
			isa = XCBuildConfiguration;
			buildSettings = {
				ALWAYS_SEARCH_USER_PATHS = NO;
				CLANG_ANALYZER_NONNULL = YES;
				CLANG_ANALYZER_NUMBER_OBJECT_CONVERSION = YES_AGGRESSIVE;
				CLANG_CXX_LANGUAGE_STANDARD = "gnu++14";
				CLANG_CXX_LIBRARY = "libc++";
				CLANG_ENABLE_MODULES = YES;
				CLANG_ENABLE_OBJC_ARC = YES;
				CLANG_ENABLE_OBJC_WEAK = YES;
				CLANG_WARN_BLOCK_CAPTURE_AUTORELEASING = YES;
				CLANG_WARN_BOOL_CONVERSION = YES;
				CLANG_WARN_COMMA = YES;
				CLANG_WARN_CONSTANT_CONVERSION = YES;
				CLANG_WARN_DEPRECATED_OBJC_IMPLEMENTATIONS = YES;
				CLANG_WARN_DIRECT_OBJC_ISA_USAGE = YES_ERROR;
				CLANG_WARN_DOCUMENTATION_COMMENTS = YES;
				CLANG_WARN_EMPTY_BODY = YES;
				CLANG_WARN_ENUM_CONVERSION = YES;
				CLANG_WARN_INFINITE_RECURSION = YES;
				CLANG_WARN_INT_CONVERSION = YES;
				CLANG_WARN_NON_LITERAL_NULL_CONVERSION = YES;
				CLANG_WARN_OBJC_IMPLICIT_RETAIN_SELF = YES;
				CLANG_WARN_OBJC_LITERAL_CONVERSION = YES;
				CLANG_WARN_OBJC_ROOT_CLASS = YES_ERROR;
				CLANG_WARN_RANGE_LOOP_ANALYSIS = YES;
				CLANG_WARN_STRICT_PROTOTYPES = YES;
				CLANG_WARN_SUSPICIOUS_MOVE = YES;
				CLANG_WARN_UNGUARDED_AVAILABILITY = YES_AGGRESSIVE;
				CLANG_WARN_UNREACHABLE_CODE = YES;
				CLANG_WARN__DUPLICATE_METHOD_MATCH = YES;
				COPY_PHASE_STRIP = NO;
				DEBUG_INFORMATION_FORMAT = "dwarf-with-dsym";
				ENABLE_NS_ASSERTIONS = NO;
				ENABLE_STRICT_OBJC_MSGSEND = YES;
				GCC_C_LANGUAGE_STANDARD = gnu11;
				GCC_NO_COMMON_BLOCKS = YES;
				GCC_WARN_64_TO_32_BIT_CONVERSION = YES;
				GCC_WARN_ABOUT_RETURN_TYPE = YES_ERROR;
				GCC_WARN_UNDECLARED_SELECTOR = YES;
				GCC_WARN_UNINITIALIZED_AUTOS = YES_AGGRESSIVE;
				GCC_WARN_UNUSED_FUNCTION = YES;
				GCC_WARN_UNUSED_VARIABLE = YES;
				IPHONEOS_DEPLOYMENT_TARGET = 13.5;
				MTL_ENABLE_DEBUG_INFO = NO;
				MTL_FAST_MATH = YES;
				SDKROOT = iphoneos;
				SWIFT_COMPILATION_MODE = wholemodule;
				SWIFT_OPTIMIZATION_LEVEL = "-O";
				VALIDATE_PRODUCT = YES;
			};
			name = Release;
		};
		908A491124A9B41A000D171C /* Debug */ = {
			isa = XCBuildConfiguration;
			baseConfigurationReference = 3D97F2418BD4222917C07CA3 /* Pods-Chatbox.debug.xcconfig */;
			buildSettings = {
				ASSETCATALOG_COMPILER_APPICON_NAME = AppIcon;
				CODE_SIGN_STYLE = Automatic;
				DEVELOPMENT_TEAM = GQ7968PQHY;
				INFOPLIST_FILE = Chatbox/Info.plist;
				IPHONEOS_DEPLOYMENT_TARGET = 13.0;
				LD_RUNPATH_SEARCH_PATHS = (
					"$(inherited)",
					"@executable_path/Frameworks",
				);
				PRODUCT_BUNDLE_IDENTIFIER = org.stayaliveandfree.aliveandfree.aliveandfree;
				PRODUCT_NAME = "$(TARGET_NAME)";
				SWIFT_VERSION = 5.0;
				TARGETED_DEVICE_FAMILY = "1,2";
			};
			name = Debug;
		};
		908A491224A9B41A000D171C /* Release */ = {
			isa = XCBuildConfiguration;
			baseConfigurationReference = 12C12DBC0C5EF6AC0CCE34AF /* Pods-Chatbox.release.xcconfig */;
			buildSettings = {
				ASSETCATALOG_COMPILER_APPICON_NAME = AppIcon;
				CODE_SIGN_STYLE = Automatic;
				DEVELOPMENT_TEAM = GQ7968PQHY;
				INFOPLIST_FILE = Chatbox/Info.plist;
				IPHONEOS_DEPLOYMENT_TARGET = 13.0;
				LD_RUNPATH_SEARCH_PATHS = (
					"$(inherited)",
					"@executable_path/Frameworks",
				);
				PRODUCT_BUNDLE_IDENTIFIER = org.stayaliveandfree.aliveandfree.aliveandfree;
				PRODUCT_NAME = "$(TARGET_NAME)";
				SWIFT_VERSION = 5.0;
				TARGETED_DEVICE_FAMILY = "1,2";
			};
			name = Release;
		};
/* End XCBuildConfiguration section */

/* Begin XCConfigurationList section */
		908A48F724A9B41A000D171C /* Build configuration list for PBXProject "Chatbox" */ = {
			isa = XCConfigurationList;
			buildConfigurations = (
				908A490E24A9B41A000D171C /* Debug */,
				908A490F24A9B41A000D171C /* Release */,
			);
			defaultConfigurationIsVisible = 0;
			defaultConfigurationName = Release;
		};
		908A491024A9B41A000D171C /* Build configuration list for PBXNativeTarget "Chatbox" */ = {
			isa = XCConfigurationList;
			buildConfigurations = (
				908A491124A9B41A000D171C /* Debug */,
				908A491224A9B41A000D171C /* Release */,
			);
			defaultConfigurationIsVisible = 0;
			defaultConfigurationName = Release;
		};
/* End XCConfigurationList section */
	};
	rootObject = 908A48F424A9B41A000D171C /* Project object */;
}
